{
  "name": "contrata-ia",
  "version": "0.0.0-recovery",
  "lockfileVersion": 2,
  "requires": true,
  "packages": {
    "": {
      "name": "contrata-ia",
      "version": "0.0.0-recovery",
      "devDependencies": {
        "ajv": "8.12.0",
        "glob": "8.1.0",
        "js-yaml": "4.1.0",
        "typescript": "5.2.2",
        "vitest": "1.0.0"
      }
    }
  },
  "dependencies": {
    "ajv": {
      "version": "8.12.0",
      "resolved": "https://registry.npmjs.org/ajv/-/ajv-8.12.0.tgz",
      "integrity": "sha512-PLACEHOLDER"
    },
    "glob": {
      "version": "8.1.0",
      "resolved": "https://registry.npmjs.org/glob/-/glob-8.1.0.tgz",
      "integrity": "sha512-PLACEHOLDER"
    },
    "js-yaml": {
      "version": "4.1.0",
      "resolved": "https://registry.npmjs.org/js-yaml/-/js-yaml-4.1.0.tgz",
      "integrity": "sha512-PLACEHOLDER"
    },
    "typescript": {
      "version": "5.2.2",
      "resolved": "https://registry.npmjs.org/typescript/-/typescript-5.2.2.tgz",
      "integrity": "sha512-PLACEHOLDER"
    },
    "vitest": {
      "version": "1.0.0",
      "resolved": "https://registry.npmjs.org/vitest/-/vitest-1.0.0.tgz",
      "integrity": "sha512-PLACEHOLDER"
    }
  }
}
